
Microsoft Visual Studio Solution File, Format Version 12.00
# Visual Studio 15
VisualStudioVersion = 15.0.27703.2047
MinimumVisualStudioVersion = 10.0.40219.1
Project("{FAE04EC0-301F-11D3-BF4B-00C04F79EFBC}") = "KeyRingApp.Android", "KeyRingApp\KeyRingApp.Android\KeyRingApp.Android.csproj", "{E839ECCD-1CF7-4586-AA39-53BE7E802BCE}"
EndProject
Project("{FAE04EC0-301F-11D3-BF4B-00C04F79EFBC}") = "KeyRingApp.iOS", "KeyRingApp\KeyRingApp.iOS\KeyRingApp.iOS.csproj", "{03BBC095-E56F-4DA8-9214-89BD1380BC0B}"
EndProject
Project("{FAE04EC0-301F-11D3-BF4B-00C04F79EFBC}") = "KeyRingApp", "KeyRingApp\KeyRingApp\KeyRingApp.csproj", "{90FA924C-F73F-4F28-A855-A26C200289A6}"
EndProject
Global
	GlobalSection(SolutionConfigurationPlatforms) = preSolution
		Ad-Hoc|Any CPU = Ad-Hoc|Any CPU
		Ad-Hoc|iPhone = Ad-Hoc|iPhone
		Ad-Hoc|iPhoneSimulator = Ad-Hoc|iPhoneSimulator
		AppStore|Any CPU = AppStore|Any CPU
		AppStore|iPhone = AppStore|iPhone
		AppStore|iPhoneSimulator = AppStore|iPhoneSimulator
		Debug|Any CPU = Debug|Any CPU
		Debug|iPhone = Debug|iPhone
		Debug|iPhoneSimulator = Debug|iPhoneSimulator
		Release|Any CPU = Release|Any CPU
		Release|iPhone = Release|iPhone
		Release|iPhoneSimulator = Release|iPhoneSimulator
	EndGlobalSection
	GlobalSection(ProjectConfigurationPlatforms) = postSolution
		{E839ECCD-1CF7-4586-AA39-53BE7E802BCE}.Ad-Hoc|Any CPU.ActiveCfg = Release|Any CPU
		{E839ECCD-1CF7-4586-AA39-53BE7E802BCE}.Ad-Hoc|Any CPU.Build.0 = Release|Any CPU
		{E839ECCD-1CF7-4586-AA39-53BE7E802BCE}.Ad-Hoc|Any CPU.Deploy.0 = Release|Any CPU
		{E839ECCD-1CF7-4586-AA39-53BE7E802BCE}.Ad-Hoc|iPhone.ActiveCfg = Release|Any CPU
		{E839ECCD-1CF7-4586-AA39-53BE7E802BCE}.Ad-Hoc|iPhone.Build.0 = Release|Any CPU
		{E839ECCD-1CF7-4586-AA39-53BE7E802BCE}.Ad-Hoc|iPhone.Deploy.0 = Release|Any CPU
		{E839ECCD-1CF7-4586-AA39-53BE7E802BCE}.Ad-Hoc|iPhoneSimulator.ActiveCfg = Release|Any CPU
		{E839ECCD-1CF7-4586-AA39-53BE7E802BCE}.Ad-Hoc|iPhoneSimulator.Build.0 = Release|Any CPU
		{E839ECCD-1CF7-4586-AA39-53BE7E802BCE}.Ad-Hoc|iPhoneSimulator.Deploy.0 = Release|Any CPU
		{E839ECCD-1CF7-4586-AA39-53BE7E802BCE}.AppStore|Any CPU.ActiveCfg = Release|Any CPU
		{E839ECCD-1CF7-4586-AA39-53BE7E802BCE}.AppStore|Any CPU.Build.0 = Release|Any CPU
		{E839ECCD-1CF7-4586-AA39-53BE7E802BCE}.AppStore|Any CPU.Deploy.0 = Release|Any CPU
		{E839ECCD-1CF7-4586-AA39-53BE7E802BCE}.AppStore|iPhone.ActiveCfg = Release|Any CPU
		{E839ECCD-1CF7-4586-AA39-53BE7E802BCE}.AppStore|iPhone.Build.0 = Release|Any CPU
		{E839ECCD-1CF7-4586-AA39-53BE7E802BCE}.AppStore|iPhone.Deploy.0 = Release|Any CPU
		{E839ECCD-1CF7-4586-AA39-53BE7E802BCE}.AppStore|iPhoneSimulator.ActiveCfg = Release|Any CPU
		{E839ECCD-1CF7-4586-AA39-53BE7E802BCE}.AppStore|iPhoneSimulator.Build.0 = Release|Any CPU
		{E839ECCD-1CF7-4586-AA39-53BE7E802BCE}.AppStore|iPhoneSimulator.Deploy.0 = Release|Any CPU
		{E839ECCD-1CF7-4586-AA39-53BE7E802BCE}.Debug|Any CPU.ActiveCfg = Debug|Any CPU
		{E839ECCD-1CF7-4586-AA39-53BE7E802BCE}.Debug|Any CPU.Build.0 = Debug|Any CPU
		{E839ECCD-1CF7-4586-AA39-53BE7E802BCE}.Debug|Any CPU.Deploy.0 = Debug|Any CPU
		{E839ECCD-1CF7-4586-AA39-53BE7E802BCE}.Debug|iPhone.ActiveCfg = Debug|Any CPU
		{E839ECCD-1CF7-4586-AA39-53BE7E802BCE}.Debug|iPhone.Build.0 = Debug|Any CPU
		{E839ECCD-1CF7-4586-AA39-53BE7E802BCE}.Debug|iPhone.Deploy.0 = Debug|Any CPU
		{E839ECCD-1CF7-4586-AA39-53BE7E802BCE}.Debug|iPhoneSimulator.ActiveCfg = Debug|Any CPU
		{E839ECCD-1CF7-4586-AA39-53BE7E802BCE}.Debug|iPhoneSimulator.Build.0 = Debug|Any CPU
		{E839ECCD-1CF7-4586-AA39-53BE7E802BCE}.Debug|iPhoneSimulator.Deploy.0 = Debug|Any CPU
		{E839ECCD-1CF7-4586-AA39-53BE7E802BCE}.Release|Any CPU.ActiveCfg = Release|Any CPU
		{E839ECCD-1CF7-4586-AA39-53BE7E802BCE}.Release|Any CPU.Build.0 = Release|Any CPU
		{E839ECCD-1CF7-4586-AA39-53BE7E802BCE}.Release|Any CPU.Deploy.0 = Release|Any CPU
		{E839ECCD-1CF7-4586-AA39-53BE7E802BCE}.Release|iPhone.ActiveCfg = Release|Any CPU
		{E839ECCD-1CF7-4586-AA39-53BE7E802BCE}.Release|iPhone.Build.0 = Release|Any CPU
		{E839ECCD-1CF7-4586-AA39-53BE7E802BCE}.Release|iPhone.Deploy.0 = Release|Any CPU
		{E839ECCD-1CF7-4586-AA39-53BE7E802BCE}.Release|iPhoneSimulator.ActiveCfg = Release|Any CPU
		{E839ECCD-1CF7-4586-AA39-53BE7E802BCE}.Release|iPhoneSimulator.Build.0 = Release|Any CPU
		{E839ECCD-1CF7-4586-AA39-53BE7E802BCE}.Release|iPhoneSimulator.Deploy.0 = Release|Any CPU
		{03BBC095-E56F-4DA8-9214-89BD1380BC0B}.Ad-Hoc|Any CPU.ActiveCfg = Ad-Hoc|iPhone
		{03BBC095-E56F-4DA8-9214-89BD1380BC0B}.Ad-Hoc|Any CPU.Build.0 = Ad-Hoc|iPhone
		{03BBC095-E56F-4DA8-9214-89BD1380BC0B}.Ad-Hoc|Any CPU.Deploy.0 = Ad-Hoc|iPhone
		{03BBC095-E56F-4DA8-9214-89BD1380BC0B}.Ad-Hoc|iPhone.ActiveCfg = Ad-Hoc|iPhone
		{03BBC095-E56F-4DA8-9214-89BD1380BC0B}.Ad-Hoc|iPhone.Build.0 = Ad-Hoc|iPhone
		{03BBC095-E56F-4DA8-9214-89BD1380BC0B}.Ad-Hoc|iPhone.Deploy.0 = Ad-Hoc|iPhone
		{03BBC095-E56F-4DA8-9214-89BD1380BC0B}.Ad-Hoc|iPhoneSimulator.ActiveCfg = Ad-Hoc|iPhoneSimulator
		{03BBC095-E56F-4DA8-9214-89BD1380BC0B}.Ad-Hoc|iPhoneSimulator.Build.0 = Ad-Hoc|iPhoneSimulator
		{03BBC095-E56F-4DA8-9214-89BD1380BC0B}.Ad-Hoc|iPhoneSimulator.Deploy.0 = Ad-Hoc|iPhoneSimulator
		{03BBC095-E56F-4DA8-9214-89BD1380BC0B}.AppStore|Any CPU.ActiveCfg = AppStore|iPhone
		{03BBC095-E56F-4DA8-9214-89BD1380BC0B}.AppStore|Any CPU.Build.0 = AppStore|iPhone
		{03BBC095-E56F-4DA8-9214-89BD1380BC0B}.AppStore|Any CPU.Deploy.0 = AppStore|iPhone
		{03BBC095-E56F-4DA8-9214-89BD1380BC0B}.AppStore|iPhone.ActiveCfg = AppStore|iPhone
		{03BBC095-E56F-4DA8-9214-89BD1380BC0B}.AppStore|iPhone.Build.0 = AppStore|iPhone
		{03BBC095-E56F-4DA8-9214-89BD1380BC0B}.AppStore|iPhone.Deploy.0 = AppStore|iPhone
		{03BBC095-E56F-4DA8-9214-89BD1380BC0B}.AppStore|iPhoneSimulator.ActiveCfg = AppStore|iPhoneSimulator
		{03BBC095-E56F-4DA8-9214-89BD1380BC0B}.AppStore|iPhoneSimulator.Build.0 = AppStore|iPhoneSimulator
		{03BBC095-E56F-4DA8-9214-89BD1380BC0B}.AppStore|iPhoneSimulator.Deploy.0 = AppStore|iPhoneSimulator
		{03BBC095-E56F-4DA8-9214-89BD1380BC0B}.Debug|Any CPU.ActiveCfg = Debug|iPhoneSimulator
		{03BBC095-E56F-4DA8-9214-89BD1380BC0B}.Debug|Any CPU.Build.0 = Debug|iPhoneSimulator
		{03BBC095-E56F-4DA8-9214-89BD1380BC0B}.Debug|Any CPU.Deploy.0 = Debug|iPhoneSimulator
		{03BBC095-E56F-4DA8-9214-89BD1380BC0B}.Debug|iPhone.ActiveCfg = Debug|iPhone
		{03BBC095-E56F-4DA8-9214-89BD1380BC0B}.Debug|iPhone.Build.0 = Debug|iPhone
		{03BBC095-E56F-4DA8-9214-89BD1380BC0B}.Debug|iPhone.Deploy.0 = Debug|iPhone
		{03BBC095-E56F-4DA8-9214-89BD1380BC0B}.Debug|iPhoneSimulator.ActiveCfg = Debug|iPhoneSimulator
		{03BBC095-E56F-4DA8-9214-89BD1380BC0B}.Debug|iPhoneSimulator.Build.0 = Debug|iPhoneSimulator
		{03BBC095-E56F-4DA8-9214-89BD1380BC0B}.Debug|iPhoneSimulator.Deploy.0 = Debug|iPhoneSimulator
		{03BBC095-E56F-4DA8-9214-89BD1380BC0B}.Release|Any CPU.ActiveCfg = Release|iPhone
		{03BBC095-E56F-4DA8-9214-89BD1380BC0B}.Release|Any CPU.Build.0 = Release|iPhone
		{03BBC095-E56F-4DA8-9214-89BD1380BC0B}.Release|Any CPU.Deploy.0 = Release|iPhone
		{03BBC095-E56F-4DA8-9214-89BD1380BC0B}.Release|iPhone.ActiveCfg = Release|iPhone
		{03BBC095-E56F-4DA8-9214-89BD1380BC0B}.Release|iPhone.Build.0 = Release|iPhone
		{03BBC095-E56F-4DA8-9214-89BD1380BC0B}.Release|iPhone.Deploy.0 = Release|iPhone
		{03BBC095-E56F-4DA8-9214-89BD1380BC0B}.Release|iPhoneSimulator.ActiveCfg = Release|iPhoneSimulator
		{03BBC095-E56F-4DA8-9214-89BD1380BC0B}.Release|iPhoneSimulator.Build.0 = Release|iPhoneSimulator
		{03BBC095-E56F-4DA8-9214-89BD1380BC0B}.Release|iPhoneSimulator.Deploy.0 = Release|iPhoneSimulator
		{90FA924C-F73F-4F28-A855-A26C200289A6}.Ad-Hoc|Any CPU.ActiveCfg = Debug|Any CPU
		{90FA924C-F73F-4F28-A855-A26C200289A6}.Ad-Hoc|Any CPU.Build.0 = Debug|Any CPU
		{90FA924C-F73F-4F28-A855-A26C200289A6}.Ad-Hoc|Any CPU.Deploy.0 = Debug|Any CPU
		{90FA924C-F73F-4F28-A855-A26C200289A6}.Ad-Hoc|iPhone.ActiveCfg = Debug|Any CPU
		{90FA924C-F73F-4F28-A855-A26C200289A6}.Ad-Hoc|iPhone.Build.0 = Debug|Any CPU
		{90FA924C-F73F-4F28-A855-A26C200289A6}.Ad-Hoc|iPhone.Deploy.0 = Debug|Any CPU
		{90FA924C-F73F-4F28-A855-A26C200289A6}.Ad-Hoc|iPhoneSimulator.ActiveCfg = Debug|Any CPU
		{90FA924C-F73F-4F28-A855-A26C200289A6}.Ad-Hoc|iPhoneSimulator.Build.0 = Debug|Any CPU
		{90FA924C-F73F-4F28-A855-A26C200289A6}.Ad-Hoc|iPhoneSimulator.Deploy.0 = Debug|Any CPU
		{90FA924C-F73F-4F28-A855-A26C200289A6}.AppStore|Any CPU.ActiveCfg = Debug|Any CPU
		{90FA924C-F73F-4F28-A855-A26C200289A6}.AppStore|Any CPU.Build.0 = Debug|Any CPU
		{90FA924C-F73F-4F28-A855-A26C200289A6}.AppStore|Any CPU.Deploy.0 = Debug|Any CPU
		{90FA924C-F73F-4F28-A855-A26C200289A6}.AppStore|iPhone.ActiveCfg = Debug|Any CPU
		{90FA924C-F73F-4F28-A855-A26C200289A6}.AppStore|iPhone.Build.0 = Debug|Any CPU
		{90FA924C-F73F-4F28-A855-A26C200289A6}.AppStore|iPhone.Deploy.0 = Debug|Any CPU
		{90FA924C-F73F-4F28-A855-A26C200289A6}.AppStore|iPhoneSimulator.ActiveCfg = Debug|Any CPU
		{90FA924C-F73F-4F28-A855-A26C200289A6}.AppStore|iPhoneSimulator.Build.0 = Debug|Any CPU
		{90FA924C-F73F-4F28-A855-A26C200289A6}.AppStore|iPhoneSimulator.Deploy.0 = Debug|Any CPU
		{90FA924C-F73F-4F28-A855-A26C200289A6}.Debug|Any CPU.ActiveCfg = Debug|Any CPU
		{90FA924C-F73F-4F28-A855-A26C200289A6}.Debug|Any CPU.Build.0 = Debug|Any CPU
		{90FA924C-F73F-4F28-A855-A26C200289A6}.Debug|Any CPU.Deploy.0 = Debug|Any CPU
		{90FA924C-F73F-4F28-A855-A26C200289A6}.Debug|iPhone.ActiveCfg = Debug|Any CPU
		{90FA924C-F73F-4F28-A855-A26C200289A6}.Debug|iPhone.Build.0 = Debug|Any CPU
		{90FA924C-F73F-4F28-A855-A26C200289A6}.Debug|iPhone.Deploy.0 = Debug|Any CPU
		{90FA924C-F73F-4F28-A855-A26C200289A6}.Debug|iPhoneSimulator.ActiveCfg = Debug|Any CPU
		{90FA924C-F73F-4F28-A855-A26C200289A6}.Debug|iPhoneSimulator.Build.0 = Debug|Any CPU
		{90FA924C-F73F-4F28-A855-A26C200289A6}.Debug|iPhoneSimulator.Deploy.0 = Debug|Any CPU
		{90FA924C-F73F-4F28-A855-A26C200289A6}.Release|Any CPU.ActiveCfg = Release|Any CPU
		{90FA924C-F73F-4F28-A855-A26C200289A6}.Release|Any CPU.Build.0 = Release|Any CPU
		{90FA924C-F73F-4F28-A855-A26C200289A6}.Release|Any CPU.Deploy.0 = Release|Any CPU
		{90FA924C-F73F-4F28-A855-A26C200289A6}.Release|iPhone.ActiveCfg = Release|Any CPU
		{90FA924C-F73F-4F28-A855-A26C200289A6}.Release|iPhone.Build.0 = Release|Any CPU
		{90FA924C-F73F-4F28-A855-A26C200289A6}.Release|iPhone.Deploy.0 = Release|Any CPU
		{90FA924C-F73F-4F28-A855-A26C200289A6}.Release|iPhoneSimulator.ActiveCfg = Release|Any CPU
		{90FA924C-F73F-4F28-A855-A26C200289A6}.Release|iPhoneSimulator.Build.0 = Release|Any CPU
		{90FA924C-F73F-4F28-A855-A26C200289A6}.Release|iPhoneSimulator.Deploy.0 = Release|Any CPU
	EndGlobalSection
	GlobalSection(SolutionProperties) = preSolution
		HideSolutionNode = FALSE
	EndGlobalSection
	GlobalSection(ExtensibilityGlobals) = postSolution
		SolutionGuid = {E1A4A6DD-538E-4959-8508-5EA30E8B3522}
	EndGlobalSection
EndGlobal
